{
  "name": "mv-movie-search-list",
  "version": "1.0.0",
  "lockfileVersion": 1,
  "requires": true,
  "dependencies": {
    "@s-ui/react-atom-card": {
      "version": "1.3.0",
      "resolved": "https://registry.npmjs.org/@s-ui/react-atom-card/-/react-atom-card-1.3.0.tgz",
      "integrity": "sha512-NU7GiRdbeaK7yBQKids2Q2st/qi6aZTEL7lML6WpnuL7MJEGyRCOw65WE6iaHkFZsjTg6TQYtfeE7u+ZW6/b+A==",
      "requires": {
        "@s-ui/component-dependencies": "1"
      },
      "dependencies": {
        "@s-ui/component-dependencies": {
          "version": "1.5.0",
          "resolved": "https://registry.npmjs.org/@s-ui/component-dependencies/-/component-dependencies-1.5.0.tgz",
          "integrity": "sha1-Z8mkYOSAdXJYO98exRoAJIwYDCM=",
          "requires": {
            "@schibstedspain/rosetta": "3",
            "@schibstedspain/sui-theme": "8",
            "@schibstedspain/theme-basic": "7",
            "classnames": "2.2.5"
          }
        }
      }
    },
    "@s-ui/react-atom-image": {
      "version": "1.9.0",
      "resolved": "https://registry.npmjs.org/@s-ui/react-atom-image/-/react-atom-image-1.9.0.tgz",
      "integrity": "sha512-Z2NmEL1gcmlNbhddiVO0fNcw+Fl27JRbATwNbTzk2IRgc5tFi01caJ+CZ7RRnr0ai1GB2W1uOi2493zl+8g9TQ==",
      "requires": {
        "@s-ui/component-dependencies": "1"
      },
      "dependencies": {
        "@s-ui/component-dependencies": {
          "version": "1.5.0",
          "resolved": "https://registry.npmjs.org/@s-ui/component-dependencies/-/component-dependencies-1.5.0.tgz",
          "integrity": "sha1-Z8mkYOSAdXJYO98exRoAJIwYDCM=",
          "requires": {
            "@schibstedspain/rosetta": "3",
            "@schibstedspain/sui-theme": "8",
            "@schibstedspain/theme-basic": "7",
            "classnames": "2.2.5"
          }
        }
      }
    },
    "@schibstedspain/rosetta": {
      "version": "3.10.2",
      "resolved": "https://registry.npmjs.org/@schibstedspain/rosetta/-/rosetta-3.10.2.tgz",
      "integrity": "sha1-8dViEqjknQc9qGvBkenCqt0xuW4=",
      "requires": {
        "node-polyglot": "0.4.3"
      }
    },
    "@schibstedspain/sui-theme": {
      "version": "8.50.0",
      "resolved": "https://registry.npmjs.org/@schibstedspain/sui-theme/-/sui-theme-8.50.0.tgz",
      "integrity": "sha512-oY3MdzhPuK8aCO1R7EkAXnvA/WsqOsjM3UowVYsqW1Bi3JIVTjdFAkrYh4YzxSzgLGxht9ua4tt33YEhaorMeQ=="
    },
    "@schibstedspain/theme-basic": {
      "version": "7.28.0",
      "resolved": "https://registry.npmjs.org/@schibstedspain/theme-basic/-/theme-basic-7.28.0.tgz",
      "integrity": "sha1-ldKL2TlejS/e8/MCi880sxSR+C0="
    },
    "classnames": {
      "version": "2.2.5",
      "resolved": "https://registry.npmjs.org/classnames/-/classnames-2.2.5.tgz",
      "integrity": "sha1-+zgB1FNGdknvNgPH1hoCvRKb3m0="
    },
    "node-polyglot": {
      "version": "0.4.3",
      "resolved": "https://registry.npmjs.org/node-polyglot/-/node-polyglot-0.4.3.tgz",
      "integrity": "sha1-av/bgS4Qy6886GSIcURKBaeMBG4="
    }
  }
}
